// !$*UTF8*$!
{
	archiveVersion = 1;
	classes = {
	};
	objectVersion = 55;
	objects = {

/* Begin PBXBuildFile section */
		4603D760C70D4FD5523D3A60 /* Pods_Flix_FlixUITests.framework in Frameworks */ = {isa = PBXBuildFile; fileRef = A602893D431DACCF337A1319 /* Pods_Flix_FlixUITests.framework */; };
		56771B7827AA0A8C00917DE7 /* AppDelegate.swift in Sources */ = {isa = PBXBuildFile; fileRef = 56771B7727AA0A8C00917DE7 /* AppDelegate.swift */; };
		56771B7A27AA0A8C00917DE7 /* SceneDelegate.swift in Sources */ = {isa = PBXBuildFile; fileRef = 56771B7927AA0A8C00917DE7 /* SceneDelegate.swift */; };
		56771B7F27AA0A8C00917DE7 /* Main.storyboard in Resources */ = {isa = PBXBuildFile; fileRef = 56771B7D27AA0A8C00917DE7 /* Main.storyboard */; };
		56771B8127AA0A8D00917DE7 /* Assets.xcassets in Resources */ = {isa = PBXBuildFile; fileRef = 56771B8027AA0A8D00917DE7 /* Assets.xcassets */; };
		56771B8427AA0A8D00917DE7 /* LaunchScreen.storyboard in Resources */ = {isa = PBXBuildFile; fileRef = 56771B8227AA0A8D00917DE7 /* LaunchScreen.storyboard */; };
		56771B8F27AA0A8D00917DE7 /* FlixTests.swift in Sources */ = {isa = PBXBuildFile; fileRef = 56771B8E27AA0A8D00917DE7 /* FlixTests.swift */; };
		56771B9927AA0A8D00917DE7 /* FlixUITests.swift in Sources */ = {isa = PBXBuildFile; fileRef = 56771B9827AA0A8D00917DE7 /* FlixUITests.swift */; };
		56771B9B27AA0A8D00917DE7 /* FlixUITestsLaunchTests.swift in Sources */ = {isa = PBXBuildFile; fileRef = 56771B9A27AA0A8D00917DE7 /* FlixUITestsLaunchTests.swift */; };
		56771BAC27AA166E00917DE7 /* MovieViewController.swift in Sources */ = {isa = PBXBuildFile; fileRef = 56771BAB27AA166E00917DE7 /* MovieViewController.swift */; };
		56771BAE27AADAD900917DE7 /* MovieCell.swift in Sources */ = {isa = PBXBuildFile; fileRef = 56771BAD27AADAD900917DE7 /* MovieCell.swift */; };
		56771BB127AAF9C100917DE7 /* AlamofireImage in Frameworks */ = {isa = PBXBuildFile; productRef = 56771BB027AAF9C100917DE7 /* AlamofireImage */; };
		70CEDCA5CFEBB09E9C52F475 /* Pods_Flix.framework in Frameworks */ = {isa = PBXBuildFile; fileRef = 89E779B9B9F0FD6A709C66CA /* Pods_Flix.framework */; };
		A2395472BFD0B1A7EBE6FEB5 /* Pods_FlixTests.framework in Frameworks */ = {isa = PBXBuildFile; fileRef = 6418943C13064564DD9BECDA /* Pods_FlixTests.framework */; };
/* End PBXBuildFile section */

/* Begin PBXContainerItemProxy section */
		56771B8B27AA0A8D00917DE7 /* PBXContainerItemProxy */ = {
			isa = PBXContainerItemProxy;
			containerPortal = 56771B6C27AA0A8C00917DE7 /* Project object */;
			proxyType = 1;
			remoteGlobalIDString = 56771B7327AA0A8C00917DE7;
			remoteInfo = Flix;
		};
		56771B9527AA0A8D00917DE7 /* PBXContainerItemProxy */ = {
			isa = PBXContainerItemProxy;
			containerPortal = 56771B6C27AA0A8C00917DE7 /* Project object */;
			proxyType = 1;
			remoteGlobalIDString = 56771B7327AA0A8C00917DE7;
			remoteInfo = Flix;
		};
/* End PBXContainerItemProxy section */

/* Begin PBXFileReference section */
		383836EDE585B0A9DA1976C9 /* Pods-Flix-FlixUITests.release.xcconfig */ = {isa = PBXFileReference; includeInIndex = 1; lastKnownFileType = text.xcconfig; name = "Pods-Flix-FlixUITests.release.xcconfig"; path = "Target Support Files/Pods-Flix-FlixUITests/Pods-Flix-FlixUITests.release.xcconfig"; sourceTree = "<group>"; };
		513B95D4D2FA45FDBCD47392 /* Pods-FlixTests.release.xcconfig */ = {isa = PBXFileReference; includeInIndex = 1; lastKnownFileType = text.xcconfig; name = "Pods-FlixTests.release.xcconfig"; path = "Target Support Files/Pods-FlixTests/Pods-FlixTests.release.xcconfig"; sourceTree = "<group>"; };
		56771B7427AA0A8C00917DE7 /* Flix.app */ = {isa = PBXFileReference; explicitFileType = wrapper.application; includeInIndex = 0; path = Flix.app; sourceTree = BUILT_PRODUCTS_DIR; };
		56771B7727AA0A8C00917DE7 /* AppDelegate.swift */ = {isa = PBXFileReference; lastKnownFileType = sourcecode.swift; path = AppDelegate.swift; sourceTree = "<group>"; };
		56771B7927AA0A8C00917DE7 /* SceneDelegate.swift */ = {isa = PBXFileReference; lastKnownFileType = sourcecode.swift; path = SceneDelegate.swift; sourceTree = "<group>"; };
		56771B7E27AA0A8C00917DE7 /* Base */ = {isa = PBXFileReference; lastKnownFileType = file.storyboard; name = Base; path = Base.lproj/Main.storyboard; sourceTree = "<group>"; };
		56771B8027AA0A8D00917DE7 /* Assets.xcassets */ = {isa = PBXFileReference; lastKnownFileType = folder.assetcatalog; path = Assets.xcassets; sourceTree = "<group>"; };
		56771B8327AA0A8D00917DE7 /* Base */ = {isa = PBXFileReference; lastKnownFileType = file.storyboard; name = Base; path = Base.lproj/LaunchScreen.storyboard; sourceTree = "<group>"; };
		56771B8527AA0A8D00917DE7 /* Info.plist */ = {isa = PBXFileReference; lastKnownFileType = text.plist.xml; path = Info.plist; sourceTree = "<group>"; };
		56771B8A27AA0A8D00917DE7 /* FlixTests.xctest */ = {isa = PBXFileReference; explicitFileType = wrapper.cfbundle; includeInIndex = 0; path = FlixTests.xctest; sourceTree = BUILT_PRODUCTS_DIR; };
		56771B8E27AA0A8D00917DE7 /* FlixTests.swift */ = {isa = PBXFileReference; lastKnownFileType = sourcecode.swift; path = FlixTests.swift; sourceTree = "<group>"; };
		56771B9427AA0A8D00917DE7 /* FlixUITests.xctest */ = {isa = PBXFileReference; explicitFileType = wrapper.cfbundle; includeInIndex = 0; path = FlixUITests.xctest; sourceTree = BUILT_PRODUCTS_DIR; };
		56771B9827AA0A8D00917DE7 /* FlixUITests.swift */ = {isa = PBXFileReference; lastKnownFileType = sourcecode.swift; path = FlixUITests.swift; sourceTree = "<group>"; };
		56771B9A27AA0A8D00917DE7 /* FlixUITestsLaunchTests.swift */ = {isa = PBXFileReference; lastKnownFileType = sourcecode.swift; path = FlixUITestsLaunchTests.swift; sourceTree = "<group>"; };
		56771BAB27AA166E00917DE7 /* MovieViewController.swift */ = {isa = PBXFileReference; lastKnownFileType = sourcecode.swift; path = MovieViewController.swift; sourceTree = "<group>"; };
		56771BAD27AADAD900917DE7 /* MovieCell.swift */ = {isa = PBXFileReference; lastKnownFileType = sourcecode.swift; path = MovieCell.swift; sourceTree = "<group>"; };
		618D00CAD10A0CD36C26ED37 /* Pods-Flix.debug.xcconfig */ = {isa = PBXFileReference; includeInIndex = 1; lastKnownFileType = text.xcconfig; name = "Pods-Flix.debug.xcconfig"; path = "Target Support Files/Pods-Flix/Pods-Flix.debug.xcconfig"; sourceTree = "<group>"; };
		6418943C13064564DD9BECDA /* Pods_FlixTests.framework */ = {isa = PBXFileReference; explicitFileType = wrapper.framework; includeInIndex = 0; path = Pods_FlixTests.framework; sourceTree = BUILT_PRODUCTS_DIR; };
		802C5BB11EAD094875F9CAD0 /* Pods-Flix-FlixUITests.debug.xcconfig */ = {isa = PBXFileReference; includeInIndex = 1; lastKnownFileType = text.xcconfig; name = "Pods-Flix-FlixUITests.debug.xcconfig"; path = "Target Support Files/Pods-Flix-FlixUITests/Pods-Flix-FlixUITests.debug.xcconfig"; sourceTree = "<group>"; };
		86E91FC916B36E64B1E84811 /* Pods-Flix.release.xcconfig */ = {isa = PBXFileReference; includeInIndex = 1; lastKnownFileType = text.xcconfig; name = "Pods-Flix.release.xcconfig"; path = "Target Support Files/Pods-Flix/Pods-Flix.release.xcconfig"; sourceTree = "<group>"; };
		89E779B9B9F0FD6A709C66CA /* Pods_Flix.framework */ = {isa = PBXFileReference; explicitFileType = wrapper.framework; includeInIndex = 0; path = Pods_Flix.framework; sourceTree = BUILT_PRODUCTS_DIR; };
		9564FF8195921363E485510E /* Pods-FlixTests.debug.xcconfig */ = {isa = PBXFileReference; includeInIndex = 1; lastKnownFileType = text.xcconfig; name = "Pods-FlixTests.debug.xcconfig"; path = "Target Support Files/Pods-FlixTests/Pods-FlixTests.debug.xcconfig"; sourceTree = "<group>"; };
		A602893D431DACCF337A1319 /* Pods_Flix_FlixUITests.framework */ = {isa = PBXFileReference; explicitFileType = wrapper.framework; includeInIndex = 0; path = Pods_Flix_FlixUITests.framework; sourceTree = BUILT_PRODUCTS_DIR; };
/* End PBXFileReference section */

/* Begin PBXFrameworksBuildPhase section */
		56771B7127AA0A8C00917DE7 /* Frameworks */ = {
			isa = PBXFrameworksBuildPhase;
			buildActionMask = 2147483647;
			files = (
				56771BB127AAF9C100917DE7 /* AlamofireImage in Frameworks */,
				70CEDCA5CFEBB09E9C52F475 /* Pods_Flix.framework in Frameworks */,
			);
			runOnlyForDeploymentPostprocessing = 0;
		};
		56771B8727AA0A8D00917DE7 /* Frameworks */ = {
			isa = PBXFrameworksBuildPhase;
			buildActionMask = 2147483647;
			files = (
				A2395472BFD0B1A7EBE6FEB5 /* Pods_FlixTests.framework in Frameworks */,
			);
			runOnlyForDeploymentPostprocessing = 0;
		};
		56771B9127AA0A8D00917DE7 /* Frameworks */ = {
			isa = PBXFrameworksBuildPhase;
			buildActionMask = 2147483647;
			files = (
				4603D760C70D4FD5523D3A60 /* Pods_Flix_FlixUITests.framework in Frameworks */,
			);
			runOnlyForDeploymentPostprocessing = 0;
		};
/* End PBXFrameworksBuildPhase section */

/* Begin PBXGroup section */
		395AF52E99E48DEE622C30D0 /* Pods */ = {
			isa = PBXGroup;
			children = (
				618D00CAD10A0CD36C26ED37 /* Pods-Flix.debug.xcconfig */,
				86E91FC916B36E64B1E84811 /* Pods-Flix.release.xcconfig */,
				802C5BB11EAD094875F9CAD0 /* Pods-Flix-FlixUITests.debug.xcconfig */,
				383836EDE585B0A9DA1976C9 /* Pods-Flix-FlixUITests.release.xcconfig */,
				9564FF8195921363E485510E /* Pods-FlixTests.debug.xcconfig */,
				513B95D4D2FA45FDBCD47392 /* Pods-FlixTests.release.xcconfig */,
			);
			name = Pods;
			path = Pods;
			sourceTree = "<group>";
		};
		56771B6B27AA0A8C00917DE7 = {
			isa = PBXGroup;
			children = (
				56771B7627AA0A8C00917DE7 /* Flix */,
				56771B8D27AA0A8D00917DE7 /* FlixTests */,
				56771B9727AA0A8D00917DE7 /* FlixUITests */,
				56771B7527AA0A8C00917DE7 /* Products */,
				395AF52E99E48DEE622C30D0 /* Pods */,
				9B55F241C4F7F5002E412B49 /* Frameworks */,
			);
			sourceTree = "<group>";
		};
		56771B7527AA0A8C00917DE7 /* Products */ = {
			isa = PBXGroup;
			children = (
				56771B7427AA0A8C00917DE7 /* Flix.app */,
				56771B8A27AA0A8D00917DE7 /* FlixTests.xctest */,
				56771B9427AA0A8D00917DE7 /* FlixUITests.xctest */,
			);
			name = Products;
			sourceTree = "<group>";
		};
		56771B7627AA0A8C00917DE7 /* Flix */ = {
			isa = PBXGroup;
			children = (
				56771B7727AA0A8C00917DE7 /* AppDelegate.swift */,
				56771B7927AA0A8C00917DE7 /* SceneDelegate.swift */,
				56771B7D27AA0A8C00917DE7 /* Main.storyboard */,
				56771B8027AA0A8D00917DE7 /* Assets.xcassets */,
				56771B8227AA0A8D00917DE7 /* LaunchScreen.storyboard */,
				56771B8527AA0A8D00917DE7 /* Info.plist */,
				56771BAB27AA166E00917DE7 /* MovieViewController.swift */,
				56771BAD27AADAD900917DE7 /* MovieCell.swift */,
			);
			path = Flix;
			sourceTree = "<group>";
		};
		56771B8D27AA0A8D00917DE7 /* FlixTests */ = {
			isa = PBXGroup;
			children = (
				56771B8E27AA0A8D00917DE7 /* FlixTests.swift */,
			);
			path = FlixTests;
			sourceTree = "<group>";
		};
		56771B9727AA0A8D00917DE7 /* FlixUITests */ = {
			isa = PBXGroup;
			children = (
				56771B9827AA0A8D00917DE7 /* FlixUITests.swift */,
				56771B9A27AA0A8D00917DE7 /* FlixUITestsLaunchTests.swift */,
			);
			path = FlixUITests;
			sourceTree = "<group>";
		};
		9B55F241C4F7F5002E412B49 /* Frameworks */ = {
			isa = PBXGroup;
			children = (
				89E779B9B9F0FD6A709C66CA /* Pods_Flix.framework */,
				A602893D431DACCF337A1319 /* Pods_Flix_FlixUITests.framework */,
				6418943C13064564DD9BECDA /* Pods_FlixTests.framework */,
			);
			name = Frameworks;
			sourceTree = "<group>";
		};
/* End PBXGroup section */

/* Begin PBXNativeTarget section */
		56771B7327AA0A8C00917DE7 /* Flix */ = {
			isa = PBXNativeTarget;
			buildConfigurationList = 56771B9E27AA0A8D00917DE7 /* Build configuration list for PBXNativeTarget "Flix" */;
			buildPhases = (
				33E418B471C015C0B8516423 /* [CP] Check Pods Manifest.lock */,
				56771B7027AA0A8C00917DE7 /* Sources */,
				56771B7127AA0A8C00917DE7 /* Frameworks */,
				56771B7227AA0A8C00917DE7 /* Resources */,
				754746CF24CCA137787A2755 /* [CP] Embed Pods Frameworks */,
			);
			buildRules = (
			);
			dependencies = (
			);
			name = Flix;
			packageProductDependencies = (
				56771BB027AAF9C100917DE7 /* AlamofireImage */,
			);
			productName = Flix;
			productReference = 56771B7427AA0A8C00917DE7 /* Flix.app */;
			productType = "com.apple.product-type.application";
		};
		56771B8927AA0A8D00917DE7 /* FlixTests */ = {
			isa = PBXNativeTarget;
			buildConfigurationList = 56771BA127AA0A8D00917DE7 /* Build configuration list for PBXNativeTarget "FlixTests" */;
			buildPhases = (
				557ADF3324CC1031A4D297D7 /* [CP] Check Pods Manifest.lock */,
				56771B8627AA0A8D00917DE7 /* Sources */,
				56771B8727AA0A8D00917DE7 /* Frameworks */,
				56771B8827AA0A8D00917DE7 /* Resources */,
			);
			buildRules = (
			);
			dependencies = (
				56771B8C27AA0A8D00917DE7 /* PBXTargetDependency */,
			);
			name = FlixTests;
			productName = FlixTests;
			productReference = 56771B8A27AA0A8D00917DE7 /* FlixTests.xctest */;
			productType = "com.apple.product-type.bundle.unit-test";
		};
		56771B9327AA0A8D00917DE7 /* FlixUITests */ = {
			isa = PBXNativeTarget;
			buildConfigurationList = 56771BA427AA0A8D00917DE7 /* Build configuration list for PBXNativeTarget "FlixUITests" */;
			buildPhases = (
				1400F0EF260E304FDD21B2EE /* [CP] Check Pods Manifest.lock */,
				56771B9027AA0A8D00917DE7 /* Sources */,
				56771B9127AA0A8D00917DE7 /* Frameworks */,
				56771B9227AA0A8D00917DE7 /* Resources */,
				A5B95E56C3339E09709FF876 /* [CP] Embed Pods Frameworks */,
			);
			buildRules = (
			);
			dependencies = (
				56771B9627AA0A8D00917DE7 /* PBXTargetDependency */,
			);
			name = FlixUITests;
			productName = FlixUITests;
			productReference = 56771B9427AA0A8D00917DE7 /* FlixUITests.xctest */;
			productType = "com.apple.product-type.bundle.ui-testing";
		};
/* End PBXNativeTarget section */

/* Begin PBXProject section */
		56771B6C27AA0A8C00917DE7 /* Project object */ = {
			isa = PBXProject;
			attributes = {
				BuildIndependentTargetsInParallel = 1;
				LastSwiftUpdateCheck = 1320;
				LastUpgradeCheck = 1320;
				TargetAttributes = {
					56771B7327AA0A8C00917DE7 = {
						CreatedOnToolsVersion = 13.2.1;
					};
					56771B8927AA0A8D00917DE7 = {
						CreatedOnToolsVersion = 13.2.1;
						TestTargetID = 56771B7327AA0A8C00917DE7;
					};
					56771B9327AA0A8D00917DE7 = {
						CreatedOnToolsVersion = 13.2.1;
						TestTargetID = 56771B7327AA0A8C00917DE7;
					};
				};
			};
			buildConfigurationList = 56771B6F27AA0A8C00917DE7 /* Build configuration list for PBXProject "Flix" */;
			compatibilityVersion = "Xcode 13.0";
			developmentRegion = en;
			hasScannedForEncodings = 0;
			knownRegions = (
				en,
				Base,
			);
			mainGroup = 56771B6B27AA0A8C00917DE7;
			packageReferences = (
				56771BAF27AAF9C100917DE7 /* XCRemoteSwiftPackageReference "AlamofireImage" */,
			);
			productRefGroup = 56771B7527AA0A8C00917DE7 /* Products */;
			projectDirPath = "";
			projectRoot = "";
			targets = (
				56771B7327AA0A8C00917DE7 /* Flix */,
				56771B8927AA0A8D00917DE7 /* FlixTests */,
				56771B9327AA0A8D00917DE7 /* FlixUITests */,
			);
		};
/* End PBXProject section */

/* Begin PBXResourcesBuildPhase section */
		56771B7227AA0A8C00917DE7 /* Resources */ = {
			isa = PBXResourcesBuildPhase;
			buildActionMask = 2147483647;
			files = (
				56771B8427AA0A8D00917DE7 /* LaunchScreen.storyboard in Resources */,
				56771B8127AA0A8D00917DE7 /* Assets.xcassets in Resources */,
				56771B7F27AA0A8C00917DE7 /* Main.storyboard in Resources */,
			);
			runOnlyForDeploymentPostprocessing = 0;
		};
		56771B8827AA0A8D00917DE7 /* Resources */ = {
			isa = PBXResourcesBuildPhase;
			buildActionMask = 2147483647;
			files = (
			);
			runOnlyForDeploymentPostprocessing = 0;
		};
		56771B9227AA0A8D00917DE7 /* Resources */ = {
			isa = PBXResourcesBuildPhase;
			buildActionMask = 2147483647;
			files = (
			);
			runOnlyForDeploymentPostprocessing = 0;
		};
/* End PBXResourcesBuildPhase section */

/* Begin PBXShellScriptBuildPhase section */
		1400F0EF260E304FDD21B2EE /* [CP] Check Pods Manifest.lock */ = {
			isa = PBXShellScriptBuildPhase;
			buildActionMask = 2147483647;
			files = (
			);
			inputFileListPaths = (
			);
			inputPaths = (
				"${PODS_PODFILE_DIR_PATH}/Podfile.lock",
				"${PODS_ROOT}/Manifest.lock",
			);
			name = "[CP] Check Pods Manifest.lock";
			outputFileListPaths = (
			);
			outputPaths = (
				"$(DERIVED_FILE_DIR)/Pods-Flix-FlixUITests-checkManifestLockResult.txt",
			);
			runOnlyForDeploymentPostprocessing = 0;
			shellPath = /bin/sh;
			shellScript = "diff \"${PODS_PODFILE_DIR_PATH}/Podfile.lock\" \"${PODS_ROOT}/Manifest.lock\" > /dev/null\nif [ $? != 0 ] ; then\n    # print error to STDERR\n    echo \"error: The sandbox is not in sync with the Podfile.lock. Run 'pod install' or update your CocoaPods installation.\" >&2\n    exit 1\nfi\n# This output is used by Xcode 'outputs' to avoid re-running this script phase.\necho \"SUCCESS\" > \"${SCRIPT_OUTPUT_FILE_0}\"\n";
			showEnvVarsInLog = 0;
		};
		33E418B471C015C0B8516423 /* [CP] Check Pods Manifest.lock */ = {
			isa = PBXShellScriptBuildPhase;
			buildActionMask = 2147483647;
			files = (
			);
			inputFileListPaths = (
			);
			inputPaths = (
				"${PODS_PODFILE_DIR_PATH}/Podfile.lock",
				"${PODS_ROOT}/Manifest.lock",
			);
			name = "[CP] Check Pods Manifest.lock";
			outputFileListPaths = (
			);
			outputPaths = (
				"$(DERIVED_FILE_DIR)/Pods-Flix-checkManifestLockResult.txt",
			);
			runOnlyForDeploymentPostprocessing = 0;
			shellPath = /bin/sh;
			shellScript = "diff \"${PODS_PODFILE_DIR_PATH}/Podfile.lock\" \"${PODS_ROOT}/Manifest.lock\" > /dev/null\nif [ $? != 0 ] ; then\n    # print error to STDERR\n    echo \"error: The sandbox is not in sync with the Podfile.lock. Run 'pod install' or update your CocoaPods installation.\" >&2\n    exit 1\nfi\n# This output is used by Xcode 'outputs' to avoid re-running this script phase.\necho \"SUCCESS\" > \"${SCRIPT_OUTPUT_FILE_0}\"\n";
			showEnvVarsInLog = 0;
		};
		557ADF3324CC1031A4D297D7 /* [CP] Check Pods Manifest.lock */ = {
			isa = PBXShellScriptBuildPhase;
			buildActionMask = 2147483647;
			files = (
			);
			inputFileListPaths = (
			);
			inputPaths = (
				"${PODS_PODFILE_DIR_PATH}/Podfile.lock",
				"${PODS_ROOT}/Manifest.lock",
			);
			name = "[CP] Check Pods Manifest.lock";
			outputFileListPaths = (
			);
			outputPaths = (
				"$(DERIVED_FILE_DIR)/Pods-FlixTests-checkManifestLockResult.txt",
			);
			runOnlyForDeploymentPostprocessing = 0;
			shellPath = /bin/sh;
			shellScript = "diff \"${PODS_PODFILE_DIR_PATH}/Podfile.lock\" \"${PODS_ROOT}/Manifest.lock\" > /dev/null\nif [ $? != 0 ] ; then\n    # print error to STDERR\n    echo \"error: The sandbox is not in sync with the Podfile.lock. Run 'pod install' or update your CocoaPods installation.\" >&2\n    exit 1\nfi\n# This output is used by Xcode 'outputs' to avoid re-running this script phase.\necho \"SUCCESS\" > \"${SCRIPT_OUTPUT_FILE_0}\"\n";
			showEnvVarsInLog = 0;
		};
		754746CF24CCA137787A2755 /* [CP] Embed Pods Frameworks */ = {
			isa = PBXShellScriptBuildPhase;
			buildActionMask = 2147483647;
			files = (
			);
			inputFileListPaths = (
				"${PODS_ROOT}/Target Support Files/Pods-Flix/Pods-Flix-frameworks-${CONFIGURATION}-input-files.xcfilelist",
			);
			name = "[CP] Embed Pods Frameworks";
			outputFileListPaths = (
				"${PODS_ROOT}/Target Support Files/Pods-Flix/Pods-Flix-frameworks-${CONFIGURATION}-output-files.xcfilelist",
			);
			runOnlyForDeploymentPostprocessing = 0;
			shellPath = /bin/sh;
			shellScript = "\"${PODS_ROOT}/Target Support Files/Pods-Flix/Pods-Flix-frameworks.sh\"\n";
			showEnvVarsInLog = 0;
		};
		A5B95E56C3339E09709FF876 /* [CP] Embed Pods Frameworks */ = {
			isa = PBXShellScriptBuildPhase;
			buildActionMask = 2147483647;
			files = (
			);
			inputFileListPaths = (
				"${PODS_ROOT}/Target Support Files/Pods-Flix-FlixUITests/Pods-Flix-FlixUITests-frameworks-${CONFIGURATION}-input-files.xcfilelist",
			);
			name = "[CP] Embed Pods Frameworks";
			outputFileListPaths = (
				"${PODS_ROOT}/Target Support Files/Pods-Flix-FlixUITests/Pods-Flix-FlixUITests-frameworks-${CONFIGURATION}-output-files.xcfilelist",
			);
			runOnlyForDeploymentPostprocessing = 0;
			shellPath = /bin/sh;
			shellScript = "\"${PODS_ROOT}/Target Support Files/Pods-Flix-FlixUITests/Pods-Flix-FlixUITests-frameworks.sh\"\n";
			showEnvVarsInLog = 0;
		};
/* End PBXShellScriptBuildPhase section */

/* Begin PBXSourcesBuildPhase section */
		56771B7027AA0A8C00917DE7 /* Sources */ = {
			isa = PBXSourcesBuildPhase;
			buildActionMask = 2147483647;
			files = (
				56771B7827AA0A8C00917DE7 /* AppDelegate.swift in Sources */,
				56771B7A27AA0A8C00917DE7 /* SceneDelegate.swift in Sources */,
				56771BAE27AADAD900917DE7 /* MovieCell.swift in Sources */,
				56771BAC27AA166E00917DE7 /* MovieViewController.swift in Sources */,
			);
			runOnlyForDeploymentPostprocessing = 0;
		};
		56771B8627AA0A8D00917DE7 /* Sources */ = {
			isa = PBXSourcesBuildPhase;
			buildActionMask = 2147483647;
			files = (
				56771B8F27AA0A8D00917DE7 /* FlixTests.swift in Sources */,
			);
			runOnlyForDeploymentPostprocessing = 0;
		};
		56771B9027AA0A8D00917DE7 /* Sources */ = {
			isa = PBXSourcesBuildPhase;
			buildActionMask = 2147483647;
			files = (
				56771B9927AA0A8D00917DE7 /* FlixUITests.swift in Sources */,
				56771B9B27AA0A8D00917DE7 /* FlixUITestsLaunchTests.swift in Sources */,
			);
			runOnlyForDeploymentPostprocessing = 0;
		};
/* End PBXSourcesBuildPhase section */

/* Begin PBXTargetDependency section */
		56771B8C27AA0A8D00917DE7 /* PBXTargetDependency */ = {
			isa = PBXTargetDependency;
			target = 56771B7327AA0A8C00917DE7 /* Flix */;
			targetProxy = 56771B8B27AA0A8D00917DE7 /* PBXContainerItemProxy */;
		};
		56771B9627AA0A8D00917DE7 /* PBXTargetDependency */ = {
			isa = PBXTargetDependency;
			target = 56771B7327AA0A8C00917DE7 /* Flix */;
			targetProxy = 56771B9527AA0A8D00917DE7 /* PBXContainerItemProxy */;
		};
/* End PBXTargetDependency section */

/* Begin PBXVariantGroup section */
		56771B7D27AA0A8C00917DE7 /* Main.storyboard */ = {
			isa = PBXVariantGroup;
			children = (
				56771B7E27AA0A8C00917DE7 /* Base */,
			);
			name = Main.storyboard;
			sourceTree = "<group>";
		};
		56771B8227AA0A8D00917DE7 /* LaunchScreen.storyboard */ = {
			isa = PBXVariantGroup;
			children = (
				56771B8327AA0A8D00917DE7 /* Base */,
			);
			name = LaunchScreen.storyboard;
			sourceTree = "<group>";
		};
/* End PBXVariantGroup section */

/* Begin XCBuildConfiguration section */
		56771B9C27AA0A8D00917DE7 /* Debug */ = {
			isa = XCBuildConfiguration;
			buildSettings = {
				ALWAYS_SEARCH_USER_PATHS = NO;
				CLANG_ANALYZER_NONNULL = YES;
				CLANG_ANALYZER_NUMBER_OBJECT_CONVERSION = YES_AGGRESSIVE;
				CLANG_CXX_LANGUAGE_STANDARD = "gnu++17";
				CLANG_CXX_LIBRARY = "libc++";
				CLANG_ENABLE_MODULES = YES;
				CLANG_ENABLE_OBJC_ARC = YES;
				CLANG_ENABLE_OBJC_WEAK = YES;
				CLANG_WARN_BLOCK_CAPTURE_AUTORELEASING = YES;
				CLANG_WARN_BOOL_CONVERSION = YES;
				CLANG_WARN_COMMA = YES;
				CLANG_WARN_CONSTANT_CONVERSION = YES;
				CLANG_WARN_DEPRECATED_OBJC_IMPLEMENTATIONS = YES;
				CLANG_WARN_DIRECT_OBJC_ISA_USAGE = YES_ERROR;
				CLANG_WARN_DOCUMENTATION_COMMENTS = YES;
				CLANG_WARN_EMPTY_BODY = YES;
				CLANG_WARN_ENUM_CONVERSION = YES;
				CLANG_WARN_INFINITE_RECURSION = YES;
				CLANG_WARN_INT_CONVERSION = YES;
				CLANG_WARN_NON_LITERAL_NULL_CONVERSION = YES;
				CLANG_WARN_OBJC_IMPLICIT_RETAIN_SELF = YES;
				CLANG_WARN_OBJC_LITERAL_CONVERSION = YES;
				CLANG_WARN_OBJC_ROOT_CLASS = YES_ERROR;
				CLANG_WARN_QUOTED_INCLUDE_IN_FRAMEWORK_HEADER = YES;
				CLANG_WARN_RANGE_LOOP_ANALYSIS = YES;
				CLANG_WARN_STRICT_PROTOTYPES = YES;
				CLANG_WARN_SUSPICIOUS_MOVE = YES;
				CLANG_WARN_UNGUARDED_AVAILABILITY = YES_AGGRESSIVE;
				CLANG_WARN_UNREACHABLE_CODE = YES;
				CLANG_WARN__DUPLICATE_METHOD_MATCH = YES;
				COPY_PHASE_STRIP = NO;
				DEBUG_INFORMATION_FORMAT = dwarf;
				ENABLE_STRICT_OBJC_MSGSEND = YES;
				ENABLE_TESTABILITY = YES;
				GCC_C_LANGUAGE_STANDARD = gnu11;
				GCC_DYNAMIC_NO_PIC = NO;
				GCC_NO_COMMON_BLOCKS = YES;
				GCC_OPTIMIZATION_LEVEL = 0;
				GCC_PREPROCESSOR_DEFINITIONS = (
					"DEBUG=1",
					"$(inherited)",
				);
				GCC_WARN_64_TO_32_BIT_CONVERSION = YES;
				GCC_WARN_ABOUT_RETURN_TYPE = YES_ERROR;
				GCC_WARN_UNDECLARED_SELECTOR = YES;
				GCC_WARN_UNINITIALIZED_AUTOS = YES_AGGRESSIVE;
				GCC_WARN_UNUSED_FUNCTION = YES;
				GCC_WARN_UNUSED_VARIABLE = YES;
				IPHONEOS_DEPLOYMENT_TARGET = 15.2;
				MTL_ENABLE_DEBUG_INFO = INCLUDE_SOURCE;
				MTL_FAST_MATH = YES;
				ONLY_ACTIVE_ARCH = YES;
				SDKROOT = iphoneos;
				SWIFT_ACTIVE_COMPILATION_CONDITIONS = DEBUG;
				SWIFT_OPTIMIZATION_LEVEL = "-Onone";
			};
			name = Debug;
		};
		56771B9D27AA0A8D00917DE7 /* Release */ = {
			isa = XCBuildConfiguration;
			buildSettings = {
				ALWAYS_SEARCH_USER_PATHS = NO;
				CLANG_ANALYZER_NONNULL = YES;
				CLANG_ANALYZER_NUMBER_OBJECT_CONVERSION = YES_AGGRESSIVE;
				CLANG_CXX_LANGUAGE_STANDARD = "gnu++17";
				CLANG_CXX_LIBRARY = "libc++";
				CLANG_ENABLE_MODULES = YES;
				CLANG_ENABLE_OBJC_ARC = YES;
				CLANG_ENABLE_OBJC_WEAK = YES;
				CLANG_WARN_BLOCK_CAPTURE_AUTORELEASING = YES;
				CLANG_WARN_BOOL_CONVERSION = YES;
				CLANG_WARN_COMMA = YES;
				CLANG_WARN_CONSTANT_CONVERSION = YES;
				CLANG_WARN_DEPRECATED_OBJC_IMPLEMENTATIONS = YES;
				CLANG_WARN_DIRECT_OBJC_ISA_USAGE = YES_ERROR;
				CLANG_WARN_DOCUMENTATION_COMMENTS = YES;
				CLANG_WARN_EMPTY_BODY = YES;
				CLANG_WARN_ENUM_CONVERSION = YES;
				CLANG_WARN_INFINITE_RECURSION = YES;
				CLANG_WARN_INT_CONVERSION = YES;
				CLANG_WARN_NON_LITERAL_NULL_CONVERSION = YES;
				CLANG_WARN_OBJC_IMPLICIT_RETAIN_SELF = YES;
				CLANG_WARN_OBJC_LITERAL_CONVERSION = YES;
				CLANG_WARN_OBJC_ROOT_CLASS = YES_ERROR;
				CLANG_WARN_QUOTED_INCLUDE_IN_FRAMEWORK_HEADER = YES;
				CLANG_WARN_RANGE_LOOP_ANALYSIS = YES;
				CLANG_WARN_STRICT_PROTOTYPES = YES;
				CLANG_WARN_SUSPICIOUS_MOVE = YES;
				CLANG_WARN_UNGUARDED_AVAILABILITY = YES_AGGRESSIVE;
				CLANG_WARN_UNREACHABLE_CODE = YES;
				CLANG_WARN__DUPLICATE_METHOD_MATCH = YES;
				COPY_PHASE_STRIP = NO;
				DEBUG_INFORMATION_FORMAT = "dwarf-with-dsym";
				ENABLE_NS_ASSERTIONS = NO;
				ENABLE_STRICT_OBJC_MSGSEND = YES;
				GCC_C_LANGUAGE_STANDARD = gnu11;
				GCC_NO_COMMON_BLOCKS = YES;
				GCC_WARN_64_TO_32_BIT_CONVERSION = YES;
				GCC_WARN_ABOUT_RETURN_TYPE = YES_ERROR;
				GCC_WARN_UNDECLARED_SELECTOR = YES;
				GCC_WARN_UNINITIALIZED_AUTOS = YES_AGGRESSIVE;
				GCC_WARN_UNUSED_FUNCTION = YES;
				GCC_WARN_UNUSED_VARIABLE = YES;
				IPHONEOS_DEPLOYMENT_TARGET = 15.2;
				MTL_ENABLE_DEBUG_INFO = NO;
				MTL_FAST_MATH = YES;
				SDKROOT = iphoneos;
				SWIFT_COMPILATION_MODE = wholemodule;
				SWIFT_OPTIMIZATION_LEVEL = "-O";
				VALIDATE_PRODUCT = YES;
			};
			name = Release;
		};
		56771B9F27AA0A8D00917DE7 /* Debug */ = {
			isa = XCBuildConfiguration;
			baseConfigurationReference = 618D00CAD10A0CD36C26ED37 /* Pods-Flix.debug.xcconfig */;
			buildSettings = {
				ASSETCATALOG_COMPILER_APPICON_NAME = AppIcon;
				ASSETCATALOG_COMPILER_GLOBAL_ACCENT_COLOR_NAME = AccentColor;
				CODE_SIGN_STYLE = Automatic;
				CURRENT_PROJECT_VERSION = 1;
				DEVELOPMENT_TEAM = 99YXD7A367;
				GENERATE_INFOPLIST_FILE = YES;
				INFOPLIST_FILE = Flix/Info.plist;
				INFOPLIST_KEY_UIApplicationSupportsIndirectInputEvents = YES;
				INFOPLIST_KEY_UILaunchStoryboardName = LaunchScreen;
				INFOPLIST_KEY_UIMainStoryboardFile = Main;
				INFOPLIST_KEY_UISupportedInterfaceOrientations_iPad = "UIInterfaceOrientationPortrait UIInterfaceOrientationPortraitUpsideDown UIInterfaceOrientationLandscapeLeft UIInterfaceOrientationLandscapeRight";
				INFOPLIST_KEY_UISupportedInterfaceOrientations_iPhone = "UIInterfaceOrientationPortrait UIInterfaceOrientationLandscapeLeft UIInterfaceOrientationLandscapeRight";
				LD_RUNPATH_SEARCH_PATHS = (
					"$(inherited)",
					"@executable_path/Frameworks",
				);
				MARKETING_VERSION = 1.0;
				PRODUCT_BUNDLE_IDENTIFIER = com.charlesxu.Flix;
				PRODUCT_NAME = "$(TARGET_NAME)";
				SWIFT_EMIT_LOC_STRINGS = YES;
				SWIFT_VERSION = 5.0;
				TARGETED_DEVICE_FAMILY = "1,2";
			};
			name = Debug;
		};
		56771BA027AA0A8D00917DE7 /* Release */ = {
			isa = XCBuildConfiguration;
			baseConfigurationReference = 86E91FC916B36E64B1E84811 /* Pods-Flix.release.xcconfig */;
			buildSettings = {
				ASSETCATALOG_COMPILER_APPICON_NAME = AppIcon;
				ASSETCATALOG_COMPILER_GLOBAL_ACCENT_COLOR_NAME = AccentColor;
				CODE_SIGN_STYLE = Automatic;
				CURRENT_PROJECT_VERSION = 1;
				DEVELOPMENT_TEAM = 99YXD7A367;
				GENERATE_INFOPLIST_FILE = YES;
				INFOPLIST_FILE = Flix/Info.plist;
				INFOPLIST_KEY_UIApplicationSupportsIndirectInputEvents = YES;
				INFOPLIST_KEY_UILaunchStoryboardName = LaunchScreen;
				INFOPLIST_KEY_UIMainStoryboardFile = Main;
				INFOPLIST_KEY_UISupportedInterfaceOrientations_iPad = "UIInterfaceOrientationPortrait UIInterfaceOrientationPortraitUpsideDown UIInterfaceOrientationLandscapeLeft UIInterfaceOrientationLandscapeRight";
				INFOPLIST_KEY_UISupportedInterfaceOrientations_iPhone = "UIInterfaceOrientationPortrait UIInterfaceOrientationLandscapeLeft UIInterfaceOrientationLandscapeRight";
				LD_RUNPATH_SEARCH_PATHS = (
					"$(inherited)",
					"@executable_path/Frameworks",
				);
				MARKETING_VERSION = 1.0;
				PRODUCT_BUNDLE_IDENTIFIER = com.charlesxu.Flix;
				PRODUCT_NAME = "$(TARGET_NAME)";
				SWIFT_EMIT_LOC_STRINGS = YES;
				SWIFT_VERSION = 5.0;
				TARGETED_DEVICE_FAMILY = "1,2";
			};
			name = Release;
		};
		56771BA227AA0A8D00917DE7 /* Debug */ = {
			isa = XCBuildConfiguration;
			baseConfigurationReference = 9564FF8195921363E485510E /* Pods-FlixTests.debug.xcconfig */;
			buildSettings = {
				ALWAYS_EMBED_SWIFT_STANDARD_LIBRARIES = YES;
				BUNDLE_LOADER = "$(TEST_HOST)";
				CODE_SIGN_STYLE = Automatic;
				CURRENT_PROJECT_VERSION = 1;
				DEVELOPMENT_TEAM = 99YXD7A367;
				GENERATE_INFOPLIST_FILE = YES;
				IPHONEOS_DEPLOYMENT_TARGET = 15.2;
				MARKETING_VERSION = 1.0;
				PRODUCT_BUNDLE_IDENTIFIER = com.charlesxu.FlixTests;
				PRODUCT_NAME = "$(TARGET_NAME)";
				SWIFT_EMIT_LOC_STRINGS = NO;
				SWIFT_VERSION = 5.0;
				TARGETED_DEVICE_FAMILY = "1,2";
				TEST_HOST = "$(BUILT_PRODUCTS_DIR)/Flix.app/Flix";
			};
			name = Debug;
		};
		56771BA327AA0A8D00917DE7 /* Release */ = {
			isa = XCBuildConfiguration;
			baseConfigurationReference = 513B95D4D2FA45FDBCD47392 /* Pods-FlixTests.release.xcconfig */;
			buildSettings = {
				ALWAYS_EMBED_SWIFT_STANDARD_LIBRARIES = YES;
				BUNDLE_LOADER = "$(TEST_HOST)";
				CODE_SIGN_STYLE = Automatic;
				CURRENT_PROJECT_VERSION = 1;
				DEVELOPMENT_TEAM = 99YXD7A367;
				GENERATE_INFOPLIST_FILE = YES;
				IPHONEOS_DEPLOYMENT_TARGET = 15.2;
				MARKETING_VERSION = 1.0;
				PRODUCT_BUNDLE_IDENTIFIER = com.charlesxu.FlixTests;
				PRODUCT_NAME = "$(TARGET_NAME)";
				SWIFT_EMIT_LOC_STRINGS = NO;
				SWIFT_VERSION = 5.0;
				TARGETED_DEVICE_FAMILY = "1,2";
				TEST_HOST = "$(BUILT_PRODUCTS_DIR)/Flix.app/Flix";
			};
			name = Release;
		};
		56771BA527AA0A8D00917DE7 /* Debug */ = {
			isa = XCBuildConfiguration;
			baseConfigurationReference = 802C5BB11EAD094875F9CAD0 /* Pods-Flix-FlixUITests.debug.xcconfig */;
			buildSettings = {
				ALWAYS_EMBED_SWIFT_STANDARD_LIBRARIES = YES;
				CODE_SIGN_STYLE = Automatic;
				CURRENT_PROJECT_VERSION = 1;
				DEVELOPMENT_TEAM = 99YXD7A367;
				GENERATE_INFOPLIST_FILE = YES;
				MARKETING_VERSION = 1.0;
				PRODUCT_BUNDLE_IDENTIFIER = com.charlesxu.FlixUITests;
				PRODUCT_NAME = "$(TARGET_NAME)";
				SWIFT_EMIT_LOC_STRINGS = NO;
				SWIFT_VERSION = 5.0;
				TARGETED_DEVICE_FAMILY = "1,2";
				TEST_TARGET_NAME = Flix;
			};
			name = Debug;
		};
		56771BA627AA0A8D00917DE7 /* Release */ = {
			isa = XCBuildConfiguration;
			baseConfigurationReference = 383836EDE585B0A9DA1976C9 /* Pods-Flix-FlixUITests.release.xcconfig */;
			buildSettings = {
				ALWAYS_EMBED_SWIFT_STANDARD_LIBRARIES = YES;
				CODE_SIGN_STYLE = Automatic;
				CURRENT_PROJECT_VERSION = 1;
				DEVELOPMENT_TEAM = 99YXD7A367;
				GENERATE_INFOPLIST_FILE = YES;
				MARKETING_VERSION = 1.0;
				PRODUCT_BUNDLE_IDENTIFIER = com.charlesxu.FlixUITests;
				PRODUCT_NAME = "$(TARGET_NAME)";
				SWIFT_EMIT_LOC_STRINGS = NO;
				SWIFT_VERSION = 5.0;
				TARGETED_DEVICE_FAMILY = "1,2";
				TEST_TARGET_NAME = Flix;
			};
			name = Release;
		};
/* End XCBuildConfiguration section */

/* Begin XCConfigurationList section */
		56771B6F27AA0A8C00917DE7 /* Build configuration list for PBXProject "Flix" */ = {
			isa = XCConfigurationList;
			buildConfigurations = (
				56771B9C27AA0A8D00917DE7 /* Debug */,
				56771B9D27AA0A8D00917DE7 /* Release */,
			);
			defaultConfigurationIsVisible = 0;
			defaultConfigurationName = Release;
		};
		56771B9E27AA0A8D00917DE7 /* Build configuration list for PBXNativeTarget "Flix" */ = {
			isa = XCConfigurationList;
			buildConfigurations = (
				56771B9F27AA0A8D00917DE7 /* Debug */,
				56771BA027AA0A8D00917DE7 /* Release */,
			);
			defaultConfigurationIsVisible = 0;
			defaultConfigurationName = Release;
		};
		56771BA127AA0A8D00917DE7 /* Build configuration list for PBXNativeTarget "FlixTests" */ = {
			isa = XCConfigurationList;
			buildConfigurations = (
				56771BA227AA0A8D00917DE7 /* Debug */,
				56771BA327AA0A8D00917DE7 /* Release */,
			);
			defaultConfigurationIsVisible = 0;
			defaultConfigurationName = Release;
		};
		56771BA427AA0A8D00917DE7 /* Build configuration list for PBXNativeTarget "FlixUITests" */ = {
			isa = XCConfigurationList;
			buildConfigurations = (
				56771BA527AA0A8D00917DE7 /* Debug */,
				56771BA627AA0A8D00917DE7 /* Release */,
			);
			defaultConfigurationIsVisible = 0;
			defaultConfigurationName = Release;
		};
/* End XCConfigurationList section */

/* Begin XCRemoteSwiftPackageReference section */
		56771BAF27AAF9C100917DE7 /* XCRemoteSwiftPackageReference "AlamofireImage" */ = {
			isa = XCRemoteSwiftPackageReference;
			repositoryURL = "https://github.com/Alamofire/AlamofireImage";
			requirement = {
				kind = upToNextMajorVersion;
				minimumVersion = 4.0.0;
			};
		};
/* End XCRemoteSwiftPackageReference section */

/* Begin XCSwiftPackageProductDependency section */
		56771BB027AAF9C100917DE7 /* AlamofireImage */ = {
			isa = XCSwiftPackageProductDependency;
			package = 56771BAF27AAF9C100917DE7 /* XCRemoteSwiftPackageReference "AlamofireImage" */;
			productName = AlamofireImage;
		};
/* End XCSwiftPackageProductDependency section */
	};
	rootObject = 56771B6C27AA0A8C00917DE7 /* Project object */;
}
